// !$*UTF8*$!
{
	archiveVersion = 1;
	classes = {
	};
	objectVersion = 46;
	objects = {

/* Begin PBXBuildFile section */
		83BC9D911B6586DE002F35FA /* Dragging.swift in Sources */ = {isa = PBXBuildFile; fileRef = 83BC9D901B6586DE002F35FA /* Dragging.swift */; };
		A11025C01B75796300720866 /* ImgurService.swift in Sources */ = {isa = PBXBuildFile; fileRef = A11025BF1B75796300720866 /* ImgurService.swift */; };
		A13145E41B5AA34E00AA4406 /* AppDelegate.swift in Sources */ = {isa = PBXBuildFile; fileRef = A13145E31B5AA34E00AA4406 /* AppDelegate.swift */; };
		A13145E61B5AA34E00AA4406 /* OptionsViewController.swift in Sources */ = {isa = PBXBuildFile; fileRef = A13145E51B5AA34E00AA4406 /* OptionsViewController.swift */; };
		A13145E81B5AA34E00AA4406 /* Assets.xcassets in Resources */ = {isa = PBXBuildFile; fileRef = A13145E71B5AA34E00AA4406 /* Assets.xcassets */; };
		A13145EB1B5AA34E00AA4406 /* Main.storyboard in Resources */ = {isa = PBXBuildFile; fileRef = A13145E91B5AA34E00AA4406 /* Main.storyboard */; };
		A13145F81B5AA6C700AA4406 /* Services.plist in Resources */ = {isa = PBXBuildFile; fileRef = A13145F71B5AA6C700AA4406 /* Services.plist */; };
		A13145FA1B5AA70700AA4406 /* MenuSendersAction.swift in Sources */ = {isa = PBXBuildFile; fileRef = A13145F91B5AA70700AA4406 /* MenuSendersAction.swift */; };
		A1325D731B641619004B81CB /* WebAPIs.swift in Sources */ = {isa = PBXBuildFile; fileRef = A1325D721B641619004B81CB /* WebAPIs.swift */; };
		A13961B41B5BF4C400E9CB98 /* Globals.swift in Sources */ = {isa = PBXBuildFile; fileRef = A13961B31B5BF4C400E9CB98 /* Globals.swift */; };
		A14C8BBE1B6F22F900EDBBAA /* SwiftyJSON.framework in Frameworks */ = {isa = PBXBuildFile; fileRef = A14C8BBD1B6F22F900EDBBAA /* SwiftyJSON.framework */; };
		A15049631B694FA8009BF6A9 /* PasteboardController.swift in Sources */ = {isa = PBXBuildFile; fileRef = A15049621B694FA8009BF6A9 /* PasteboardController.swift */; };
		A15049651B69767A009BF6A9 /* Secrets.swift in Sources */ = {isa = PBXBuildFile; fileRef = A15049641B69767A009BF6A9 /* Secrets.swift */; };
		A15049681B6979E5009BF6A9 /* UserNotifications.swift in Sources */ = {isa = PBXBuildFile; fileRef = A15049671B6979E5009BF6A9 /* UserNotifications.swift */; };
		A15784AD1B77A426003C94A0 /* Quick.framework in Frameworks */ = {isa = PBXBuildFile; fileRef = A19D4F951B779E9400BEB08B /* Quick.framework */; };
		A15784AE1B77A42A003C94A0 /* Nimble.framework in Frameworks */ = {isa = PBXBuildFile; fileRef = A19D4F961B779E9400BEB08B /* Nimble.framework */; };
		A15784B31B77D299003C94A0 /* GistServiceSpec2.swift in Sources */ = {isa = PBXBuildFile; fileRef = A15784B01B77A79C003C94A0 /* GistServiceSpec2.swift */; };
		A17512171B78156500D7EF69 /* GistService.swift in Sources */ = {isa = PBXBuildFile; fileRef = A11025BD1B75794F00720866 /* GistService.swift */; };
		A17512181B78156800D7EF69 /* GistService.swift in Sources */ = {isa = PBXBuildFile; fileRef = A11025BD1B75794F00720866 /* GistService.swift */; };
		A17512191B7815E200D7EF69 /* Info.plist in Resources */ = {isa = PBXBuildFile; fileRef = A19D4F881B77957F00BEB08B /* Info.plist */; };
		A1D8DA8C1B6E7AE0001284F3 /* Options.swift in Sources */ = {isa = PBXBuildFile; fileRef = A1D8DA8B1B6E7AE0001284F3 /* Options.swift */; };
/* End PBXBuildFile section */

/* Begin PBXContainerItemProxy section */
		A19D4F891B77957F00BEB08B /* PBXContainerItemProxy */ = {
			isa = PBXContainerItemProxy;
			containerPortal = A13145D81B5AA34E00AA4406 /* Project object */;
			proxyType = 1;
			remoteGlobalIDString = A13145DF1B5AA34E00AA4406;
			remoteInfo = Cast;
		};
/* End PBXContainerItemProxy section */

/* Begin PBXFileReference section */
		83BC9D901B6586DE002F35FA /* Dragging.swift */ = {isa = PBXFileReference; fileEncoding = 4; lastKnownFileType = sourcecode.swift; path = Dragging.swift; sourceTree = "<group>"; };
		A11025BD1B75794F00720866 /* GistService.swift */ = {isa = PBXFileReference; fileEncoding = 4; lastKnownFileType = sourcecode.swift; path = GistService.swift; sourceTree = "<group>"; };
		A11025BF1B75796300720866 /* ImgurService.swift */ = {isa = PBXFileReference; fileEncoding = 4; lastKnownFileType = sourcecode.swift; path = ImgurService.swift; sourceTree = "<group>"; };
		A13145E01B5AA34E00AA4406 /* Cast.app */ = {isa = PBXFileReference; explicitFileType = wrapper.application; includeInIndex = 0; path = Cast.app; sourceTree = BUILT_PRODUCTS_DIR; };
		A13145E31B5AA34E00AA4406 /* AppDelegate.swift */ = {isa = PBXFileReference; lastKnownFileType = sourcecode.swift; path = AppDelegate.swift; sourceTree = "<group>"; };
		A13145E51B5AA34E00AA4406 /* OptionsViewController.swift */ = {isa = PBXFileReference; lastKnownFileType = sourcecode.swift; name = OptionsViewController.swift; path = Cast/OptionsViewController.swift; sourceTree = "<group>"; };
		A13145E71B5AA34E00AA4406 /* Assets.xcassets */ = {isa = PBXFileReference; lastKnownFileType = folder.assetcatalog; path = Assets.xcassets; sourceTree = "<group>"; };
		A13145EA1B5AA34E00AA4406 /* Base */ = {isa = PBXFileReference; lastKnownFileType = file.storyboard; name = Base; path = Base.lproj/Main.storyboard; sourceTree = "<group>"; };
		A13145EC1B5AA34E00AA4406 /* Info.plist */ = {isa = PBXFileReference; lastKnownFileType = text.plist.xml; path = Info.plist; sourceTree = "<group>"; };
		A13145F71B5AA6C700AA4406 /* Services.plist */ = {isa = PBXFileReference; fileEncoding = 4; lastKnownFileType = text.plist.xml; path = Services.plist; sourceTree = "<group>"; };
		A13145F91B5AA70700AA4406 /* MenuSendersAction.swift */ = {isa = PBXFileReference; fileEncoding = 4; lastKnownFileType = sourcecode.swift; path = MenuSendersAction.swift; sourceTree = "<group>"; };
		A1325D721B641619004B81CB /* WebAPIs.swift */ = {isa = PBXFileReference; fileEncoding = 4; lastKnownFileType = sourcecode.swift; path = WebAPIs.swift; sourceTree = "<group>"; };
		A13961B31B5BF4C400E9CB98 /* Globals.swift */ = {isa = PBXFileReference; fileEncoding = 4; lastKnownFileType = sourcecode.swift; path = Globals.swift; sourceTree = "<group>"; };
		A13961B51B5C605200E9CB98 /* .gitignore */ = {isa = PBXFileReference; lastKnownFileType = text; path = .gitignore; sourceTree = SOURCE_ROOT; };
		A14C8BBD1B6F22F900EDBBAA /* SwiftyJSON.framework */ = {isa = PBXFileReference; lastKnownFileType = wrapper.framework; name = SwiftyJSON.framework; path = Carthage/Build/Mac/SwiftyJSON.framework; sourceTree = SOURCE_ROOT; };
		A150495D1B693DD8009BF6A9 /* README.md */ = {isa = PBXFileReference; fileEncoding = 4; lastKnownFileType = net.daringfireball.markdown; path = README.md; sourceTree = SOURCE_ROOT; };
		A15049621B694FA8009BF6A9 /* PasteboardController.swift */ = {isa = PBXFileReference; fileEncoding = 4; lastKnownFileType = sourcecode.swift; path = PasteboardController.swift; sourceTree = "<group>"; };
		A15049641B69767A009BF6A9 /* Secrets.swift */ = {isa = PBXFileReference; fileEncoding = 4; lastKnownFileType = sourcecode.swift; path = Secrets.swift; sourceTree = "<group>"; };
		A15049671B6979E5009BF6A9 /* UserNotifications.swift */ = {isa = PBXFileReference; fileEncoding = 4; lastKnownFileType = sourcecode.swift; path = UserNotifications.swift; sourceTree = "<group>"; };
		A15784B01B77A79C003C94A0 /* GistServiceSpec2.swift */ = {isa = PBXFileReference; fileEncoding = 4; lastKnownFileType = sourcecode.swift; path = GistServiceSpec2.swift; sourceTree = "<group>"; };
		A17512151B77D81600D7EF69 /* GistServiceWithSemaphore.swift */ = {isa = PBXFileReference; fileEncoding = 4; lastKnownFileType = sourcecode.swift; path = GistServiceWithSemaphore.swift; sourceTree = "<group>"; };
		A18818731B76802D00FC6E7E /* GistService.playground */ = {isa = PBXFileReference; lastKnownFileType = file.playground; path = GistService.playground; sourceTree = "<group>"; };
		A18818741B773D2B00FC6E7E /* Tests.playground */ = {isa = PBXFileReference; lastKnownFileType = file.playground; path = Tests.playground; sourceTree = "<group>"; };
		A19D4F841B77957F00BEB08B /* CastTests.xctest */ = {isa = PBXFileReference; explicitFileType = wrapper.cfbundle; includeInIndex = 0; path = CastTests.xctest; sourceTree = BUILT_PRODUCTS_DIR; };
		A19D4F861B77957F00BEB08B /* CastTests.swift */ = {isa = PBXFileReference; lastKnownFileType = sourcecode.swift; path = CastTests.swift; sourceTree = "<group>"; };
		A19D4F881B77957F00BEB08B /* Info.plist */ = {isa = PBXFileReference; lastKnownFileType = text.plist.xml; path = Info.plist; sourceTree = "<group>"; };
		A19D4F901B77997D00BEB08B /* GistServiceSpec.swift */ = {isa = PBXFileReference; fileEncoding = 4; lastKnownFileType = sourcecode.swift; path = GistServiceSpec.swift; sourceTree = "<group>"; };
		A19D4F941B779BAD00BEB08B /* Cartfile.private */ = {isa = PBXFileReference; lastKnownFileType = text; path = Cartfile.private; sourceTree = SOURCE_ROOT; };
		A19D4F951B779E9400BEB08B /* Quick.framework */ = {isa = PBXFileReference; lastKnownFileType = wrapper.framework; name = Quick.framework; path = Carthage/Build/Mac/Quick.framework; sourceTree = SOURCE_ROOT; };
		A19D4F961B779E9400BEB08B /* Nimble.framework */ = {isa = PBXFileReference; lastKnownFileType = wrapper.framework; name = Nimble.framework; path = Carthage/Build/Mac/Nimble.framework; sourceTree = SOURCE_ROOT; };
		A1D8DA8B1B6E7AE0001284F3 /* Options.swift */ = {isa = PBXFileReference; fileEncoding = 4; lastKnownFileType = sourcecode.swift; path = Options.swift; sourceTree = "<group>"; };
		EB87C1D21B7246BD00B988B0 /* SYSTEMmap.md */ = {isa = PBXFileReference; fileEncoding = 4; lastKnownFileType = net.daringfireball.markdown; path = SYSTEMmap.md; sourceTree = SOURCE_ROOT; };
		EBE9DF5E1B68E38B00D11407 /* Cartfile */ = {isa = PBXFileReference; fileEncoding = 4; lastKnownFileType = text; path = Cartfile; sourceTree = SOURCE_ROOT; };
/* End PBXFileReference section */

/* Begin PBXFrameworksBuildPhase section */
		A13145DD1B5AA34E00AA4406 /* Frameworks */ = {
			isa = PBXFrameworksBuildPhase;
			buildActionMask = 2147483647;
			files = (
				A14C8BBE1B6F22F900EDBBAA /* SwiftyJSON.framework in Frameworks */,
			);
			runOnlyForDeploymentPostprocessing = 0;
		};
		A19D4F811B77957F00BEB08B /* Frameworks */ = {
			isa = PBXFrameworksBuildPhase;
			buildActionMask = 2147483647;
			files = (
				A15784AD1B77A426003C94A0 /* Quick.framework in Frameworks */,
				A15784AE1B77A42A003C94A0 /* Nimble.framework in Frameworks */,
			);
			runOnlyForDeploymentPostprocessing = 0;
		};
/* End PBXFrameworksBuildPhase section */

/* Begin PBXGroup section */
		A11025BC1B75792F00720866 /* Services */ = {
			isa = PBXGroup;
			children = (
				A11025BD1B75794F00720866 /* GistService.swift */,
				A11025BF1B75796300720866 /* ImgurService.swift */,
				A13145F71B5AA6C700AA4406 /* Services.plist */,
				A17512151B77D81600D7EF69 /* GistServiceWithSemaphore.swift */,
			);
			name = Services;
			sourceTree = "<group>";
		};
		A13145D71B5AA34E00AA4406 = {
			isa = PBXGroup;
			children = (
				A13145E21B5AA34E00AA4406 /* Cast */,
				A13145F61B5AA67700AA4406 /* User Interface */,
				A13145F51B5AA65B00AA4406 /* Assets */,
				A13145F41B5AA60100AA4406 /* Frameworks */,
				A19D4F851B77957F00BEB08B /* CastTests */,
				A13145E11B5AA34E00AA4406 /* Products */,
			);
			sourceTree = "<group>";
		};
		A13145E11B5AA34E00AA4406 /* Products */ = {
			isa = PBXGroup;
			children = (
				A13145E01B5AA34E00AA4406 /* Cast.app */,
				A19D4F841B77957F00BEB08B /* CastTests.xctest */,
			);
			name = Products;
			sourceTree = "<group>";
		};
		A13145E21B5AA34E00AA4406 /* Cast */ = {
			isa = PBXGroup;
			children = (
				A13145E31B5AA34E00AA4406 /* AppDelegate.swift */,
				A13145F91B5AA70700AA4406 /* MenuSendersAction.swift */,
				A1325D721B641619004B81CB /* WebAPIs.swift */,
				A15049621B694FA8009BF6A9 /* PasteboardController.swift */,
				A15049671B6979E5009BF6A9 /* UserNotifications.swift */,
				A1D8DA8B1B6E7AE0001284F3 /* Options.swift */,
				A13961B31B5BF4C400E9CB98 /* Globals.swift */,
				A11025BC1B75792F00720866 /* Services */,
			);
			path = Cast;
			sourceTree = "<group>";
		};
		A13145F41B5AA60100AA4406 /* Frameworks */ = {
			isa = PBXGroup;
			children = (
				A19D4F951B779E9400BEB08B /* Quick.framework */,
				A19D4F961B779E9400BEB08B /* Nimble.framework */,
				A14C8BBD1B6F22F900EDBBAA /* SwiftyJSON.framework */,
				EBE9DF5E1B68E38B00D11407 /* Cartfile */,
				A19D4F941B779BAD00BEB08B /* Cartfile.private */,
			);
			name = Frameworks;
			path = Cast;
			sourceTree = "<group>";
		};
		A13145F51B5AA65B00AA4406 /* Assets */ = {
			isa = PBXGroup;
			children = (
				EB87C1D21B7246BD00B988B0 /* SYSTEMmap.md */,
				A13961B51B5C605200E9CB98 /* .gitignore */,
				A13145EC1B5AA34E00AA4406 /* Info.plist */,
				A13145E71B5AA34E00AA4406 /* Assets.xcassets */,
				A150495D1B693DD8009BF6A9 /* README.md */,
				83BC9D901B6586DE002F35FA /* Dragging.swift */,
				A15049641B69767A009BF6A9 /* Secrets.swift */,
				A18818731B76802D00FC6E7E /* GistService.playground */,
				A18818741B773D2B00FC6E7E /* Tests.playground */,
			);
			name = Assets;
			path = Cast;
			sourceTree = "<group>";
		};
		A13145F61B5AA67700AA4406 /* User Interface */ = {
			isa = PBXGroup;
			children = (
				A13145E51B5AA34E00AA4406 /* OptionsViewController.swift */,
				A13145E91B5AA34E00AA4406 /* Main.storyboard */,
			);
			name = "User Interface";
			sourceTree = "<group>";
		};
		A19D4F851B77957F00BEB08B /* CastTests */ = {
			isa = PBXGroup;
			children = (
				A19D4F901B77997D00BEB08B /* GistServiceSpec.swift */,
				A15784B01B77A79C003C94A0 /* GistServiceSpec2.swift */,
				A19D4F861B77957F00BEB08B /* CastTests.swift */,
				A19D4F881B77957F00BEB08B /* Info.plist */,
			);
			path = CastTests;
			sourceTree = SOURCE_ROOT;
		};
/* End PBXGroup section */

/* Begin PBXNativeTarget section */
		A13145DF1B5AA34E00AA4406 /* Cast */ = {
			isa = PBXNativeTarget;
			buildConfigurationList = A13145EF1B5AA34E00AA4406 /* Build configuration list for PBXNativeTarget "Cast" */;
			buildPhases = (
				A13145DC1B5AA34E00AA4406 /* Sources */,
				A13145DD1B5AA34E00AA4406 /* Frameworks */,
				A13145DE1B5AA34E00AA4406 /* Resources */,
				A150495F1B6940D9009BF6A9 /* Carthage Script */,
				A15049661B6978A5009BF6A9 /* Tags Script */,
			);
			buildRules = (
			);
			dependencies = (
			);
			name = Cast;
			productName = Cast;
			productReference = A13145E01B5AA34E00AA4406 /* Cast.app */;
			productType = "com.apple.product-type.application";
		};
		A19D4F831B77957F00BEB08B /* CastTests */ = {
			isa = PBXNativeTarget;
			buildConfigurationList = A19D4F8B1B77957F00BEB08B /* Build configuration list for PBXNativeTarget "CastTests" */;
			buildPhases = (
				A19D4F801B77957F00BEB08B /* Sources */,
				A19D4F811B77957F00BEB08B /* Frameworks */,
				A19D4F821B77957F00BEB08B /* Resources */,
			);
			buildRules = (
			);
			dependencies = (
				A19D4F8A1B77957F00BEB08B /* PBXTargetDependency */,
			);
			name = CastTests;
			productName = CastTests;
			productReference = A19D4F841B77957F00BEB08B /* CastTests.xctest */;
			productType = "com.apple.product-type.bundle.unit-test";
		};
/* End PBXNativeTarget section */

/* Begin PBXProject section */
		A13145D81B5AA34E00AA4406 /* Project object */ = {
			isa = PBXProject;
			attributes = {
				LastUpgradeCheck = 0700;
				ORGANIZATIONNAME = "Leonardo Faoro";
				TargetAttributes = {
					A13145DF1B5AA34E00AA4406 = {
						CreatedOnToolsVersion = 7.0;
						DevelopmentTeam = H9XB8B9RVW;
					};
					A19D4F831B77957F00BEB08B = {
						CreatedOnToolsVersion = 7.0;
						TestTargetID = A13145DF1B5AA34E00AA4406;
					};
				};
			};
			buildConfigurationList = A13145DB1B5AA34E00AA4406 /* Build configuration list for PBXProject "Cast" */;
			compatibilityVersion = "Xcode 3.2";
			developmentRegion = English;
			hasScannedForEncodings = 0;
			knownRegions = (
				en,
				Base,
			);
			mainGroup = A13145D71B5AA34E00AA4406;
			productRefGroup = A13145E11B5AA34E00AA4406 /* Products */;
			projectDirPath = "";
			projectRoot = "";
			targets = (
				A13145DF1B5AA34E00AA4406 /* Cast */,
				A19D4F831B77957F00BEB08B /* CastTests */,
			);
		};
/* End PBXProject section */

/* Begin PBXResourcesBuildPhase section */
		A13145DE1B5AA34E00AA4406 /* Resources */ = {
			isa = PBXResourcesBuildPhase;
			buildActionMask = 2147483647;
			files = (
				A13145F81B5AA6C700AA4406 /* Services.plist in Resources */,
				A13145E81B5AA34E00AA4406 /* Assets.xcassets in Resources */,
				A13145EB1B5AA34E00AA4406 /* Main.storyboard in Resources */,
			);
			runOnlyForDeploymentPostprocessing = 0;
		};
		A19D4F821B77957F00BEB08B /* Resources */ = {
			isa = PBXResourcesBuildPhase;
			buildActionMask = 2147483647;
			files = (
				A17512191B7815E200D7EF69 /* Info.plist in Resources */,
			);
			runOnlyForDeploymentPostprocessing = 0;
		};
/* End PBXResourcesBuildPhase section */

/* Begin PBXShellScriptBuildPhase section */
		A150495F1B6940D9009BF6A9 /* Carthage Script */ = {
			isa = PBXShellScriptBuildPhase;
			buildActionMask = 2147483647;
			files = (
			);
			inputPaths = (
				"$(SRCROOT)/Carthage/Build/Mac/SwiftyJSON.framework",
				"$(SRCROOT)/Carthage/Build/Mac/Quick.framework",
				"$(SRCROOT)/Carthage/Build/Mac/Nimble.framework",
			);
			name = "Carthage Script";
			outputPaths = (
			);
			runOnlyForDeploymentPostprocessing = 0;
			shellPath = /bin/sh;
			shellScript = "/usr/local/bin/carthage copy-frameworks";
		};
		A15049661B6978A5009BF6A9 /* Tags Script */ = {
			isa = PBXShellScriptBuildPhase;
			buildActionMask = 2147483647;
			files = (
			);
			inputPaths = (
			);
			name = "Tags Script";
			outputPaths = (
			);
			runOnlyForDeploymentPostprocessing = 0;
			shellPath = /bin/sh;
			shellScript = ". Scripts/Tags";
		};
/* End PBXShellScriptBuildPhase section */

/* Begin PBXSourcesBuildPhase section */
		A13145DC1B5AA34E00AA4406 /* Sources */ = {
			isa = PBXSourcesBuildPhase;
			buildActionMask = 2147483647;
			files = (
				A13145E41B5AA34E00AA4406 /* AppDelegate.swift in Sources */,
				A15049631B694FA8009BF6A9 /* PasteboardController.swift in Sources */,
				A15049651B69767A009BF6A9 /* Secrets.swift in Sources */,
				A11025C01B75796300720866 /* ImgurService.swift in Sources */,
				A15049681B6979E5009BF6A9 /* UserNotifications.swift in Sources */,
				A1325D731B641619004B81CB /* WebAPIs.swift in Sources */,
				A13961B41B5BF4C400E9CB98 /* Globals.swift in Sources */,
				A13145E61B5AA34E00AA4406 /* OptionsViewController.swift in Sources */,
				A17512171B78156500D7EF69 /* GistService.swift in Sources */,
				83BC9D911B6586DE002F35FA /* Dragging.swift in Sources */,
				A13145FA1B5AA70700AA4406 /* MenuSendersAction.swift in Sources */,
				A1D8DA8C1B6E7AE0001284F3 /* Options.swift in Sources */,
			);
			runOnlyForDeploymentPostprocessing = 0;
		};
		A19D4F801B77957F00BEB08B /* Sources */ = {
			isa = PBXSourcesBuildPhase;
			buildActionMask = 2147483647;
			files = (
				A17512181B78156800D7EF69 /* GistService.swift in Sources */,
				A15784B31B77D299003C94A0 /* GistServiceSpec2.swift in Sources */,
			);
			runOnlyForDeploymentPostprocessing = 0;
		};
/* End PBXSourcesBuildPhase section */

/* Begin PBXTargetDependency section */
		A19D4F8A1B77957F00BEB08B /* PBXTargetDependency */ = {
			isa = PBXTargetDependency;
			target = A13145DF1B5AA34E00AA4406 /* Cast */;
			targetProxy = A19D4F891B77957F00BEB08B /* PBXContainerItemProxy */;
		};
/* End PBXTargetDependency section */

/* Begin PBXVariantGroup section */
		A13145E91B5AA34E00AA4406 /* Main.storyboard */ = {
			isa = PBXVariantGroup;
			children = (
				A13145EA1B5AA34E00AA4406 /* Base */,
			);
			name = Main.storyboard;
			path = Cast;
			sourceTree = "<group>";
		};
/* End PBXVariantGroup section */

/* Begin XCBuildConfiguration section */
		A13145ED1B5AA34E00AA4406 /* Debug */ = {
			isa = XCBuildConfiguration;
			buildSettings = {
				ALWAYS_SEARCH_USER_PATHS = NO;
				CLANG_CXX_LANGUAGE_STANDARD = "gnu++0x";
				CLANG_CXX_LIBRARY = "libc++";
				CLANG_ENABLE_MODULES = YES;
				CLANG_ENABLE_OBJC_ARC = YES;
				CLANG_WARN_BOOL_CONVERSION = YES;
				CLANG_WARN_CONSTANT_CONVERSION = YES;
				CLANG_WARN_DIRECT_OBJC_ISA_USAGE = YES_ERROR;
				CLANG_WARN_EMPTY_BODY = YES;
				CLANG_WARN_ENUM_CONVERSION = YES;
				CLANG_WARN_INT_CONVERSION = YES;
				CLANG_WARN_OBJC_ROOT_CLASS = YES_ERROR;
				CLANG_WARN_UNREACHABLE_CODE = YES;
				CLANG_WARN__DUPLICATE_METHOD_MATCH = YES;
				CODE_SIGN_IDENTITY = "-";
				COPY_PHASE_STRIP = NO;
				DEBUG_INFORMATION_FORMAT = dwarf;
				DEFINES_MODULE = YES;
				ENABLE_STRICT_OBJC_MSGSEND = YES;
				ENABLE_TESTABILITY = YES;
				GCC_C_LANGUAGE_STANDARD = gnu99;
				GCC_DYNAMIC_NO_PIC = NO;
				GCC_NO_COMMON_BLOCKS = YES;
				GCC_OPTIMIZATION_LEVEL = 0;
				GCC_PREPROCESSOR_DEFINITIONS = (
					"DEBUG=1",
					"$(inherited)",
				);
				GCC_WARN_64_TO_32_BIT_CONVERSION = YES;
				GCC_WARN_ABOUT_RETURN_TYPE = YES_ERROR;
				GCC_WARN_UNDECLARED_SELECTOR = YES;
				GCC_WARN_UNINITIALIZED_AUTOS = YES_AGGRESSIVE;
				GCC_WARN_UNUSED_FUNCTION = YES;
				GCC_WARN_UNUSED_VARIABLE = YES;
				MACOSX_DEPLOYMENT_TARGET = 10.11;
				MTL_ENABLE_DEBUG_INFO = YES;
				ONLY_ACTIVE_ARCH = YES;
				SDKROOT = macosx;
				SWIFT_OPTIMIZATION_LEVEL = "-Onone";
			};
			name = Debug;
		};
		A13145EE1B5AA34E00AA4406 /* Release */ = {
			isa = XCBuildConfiguration;
			buildSettings = {
				ALWAYS_SEARCH_USER_PATHS = NO;
				CLANG_CXX_LANGUAGE_STANDARD = "gnu++0x";
				CLANG_CXX_LIBRARY = "libc++";
				CLANG_ENABLE_MODULES = YES;
				CLANG_ENABLE_OBJC_ARC = YES;
				CLANG_WARN_BOOL_CONVERSION = YES;
				CLANG_WARN_CONSTANT_CONVERSION = YES;
				CLANG_WARN_DIRECT_OBJC_ISA_USAGE = YES_ERROR;
				CLANG_WARN_EMPTY_BODY = YES;
				CLANG_WARN_ENUM_CONVERSION = YES;
				CLANG_WARN_INT_CONVERSION = YES;
				CLANG_WARN_OBJC_ROOT_CLASS = YES_ERROR;
				CLANG_WARN_UNREACHABLE_CODE = YES;
				CLANG_WARN__DUPLICATE_METHOD_MATCH = YES;
				CODE_SIGN_IDENTITY = "-";
				COPY_PHASE_STRIP = NO;
				DEBUG_INFORMATION_FORMAT = "dwarf-with-dsym";
				DEFINES_MODULE = YES;
				ENABLE_NS_ASSERTIONS = NO;
				ENABLE_STRICT_OBJC_MSGSEND = YES;
				GCC_C_LANGUAGE_STANDARD = gnu99;
				GCC_NO_COMMON_BLOCKS = YES;
				GCC_WARN_64_TO_32_BIT_CONVERSION = YES;
				GCC_WARN_ABOUT_RETURN_TYPE = YES_ERROR;
				GCC_WARN_UNDECLARED_SELECTOR = YES;
				GCC_WARN_UNINITIALIZED_AUTOS = YES_AGGRESSIVE;
				GCC_WARN_UNUSED_FUNCTION = YES;
				GCC_WARN_UNUSED_VARIABLE = YES;
				MACOSX_DEPLOYMENT_TARGET = 10.11;
				MTL_ENABLE_DEBUG_INFO = NO;
				SDKROOT = macosx;
			};
			name = Release;
		};
		A13145F01B5AA34E00AA4406 /* Debug */ = {
			isa = XCBuildConfiguration;
			buildSettings = {
				ASSETCATALOG_COMPILER_APPICON_NAME = AppIcon;
				CODE_SIGN_IDENTITY = "Mac Developer";
				"CODE_SIGN_IDENTITY[sdk=macosx*]" = "Mac Developer: Leonardo Faoro (LR3U6L9685)";
				COMBINE_HIDPI_IMAGES = YES;
				DEFINES_MODULE = YES;
				FRAMEWORK_SEARCH_PATHS = (
					"$(SRCROOT)/Carthage/Build/Mac/",
					/System/Library/Frameworks,
				);
				INFOPLIST_FILE = Cast/Info.plist;
				LD_RUNPATH_SEARCH_PATHS = "$(inherited) @executable_path/../Frameworks";
				MACOSX_DEPLOYMENT_TARGET = 10.11;
				PRODUCT_BUNDLE_IDENTIFIER = com.lfaoro.Cast;
				PRODUCT_NAME = "$(TARGET_NAME)";
				PROVISIONING_PROFILE = "";
			};
			name = Debug;
		};
		A13145F11B5AA34E00AA4406 /* Release */ = {
			isa = XCBuildConfiguration;
			buildSettings = {
				ASSETCATALOG_COMPILER_APPICON_NAME = AppIcon;
				CODE_SIGN_IDENTITY = "Mac Developer";
				"CODE_SIGN_IDENTITY[sdk=macosx*]" = "Mac Developer: Leonardo Faoro (LR3U6L9685)";
				COMBINE_HIDPI_IMAGES = YES;
				DEFINES_MODULE = YES;
				FRAMEWORK_SEARCH_PATHS = (
					"$(SRCROOT)/Carthage/Build/Mac/",
					/System/Library/Frameworks,
				);
				INFOPLIST_FILE = Cast/Info.plist;
				LD_RUNPATH_SEARCH_PATHS = "$(inherited) @executable_path/../Frameworks";
				MACOSX_DEPLOYMENT_TARGET = 10.11;
				PRODUCT_BUNDLE_IDENTIFIER = com.lfaoro.Cast;
				PRODUCT_NAME = "$(TARGET_NAME)";
				PROVISIONING_PROFILE = "";
			};
			name = Release;
		};
		A19D4F8C1B77957F00BEB08B /* Debug */ = {
			isa = XCBuildConfiguration;
			buildSettings = {
				BUNDLE_LOADER = "$(TEST_HOST)";
				COMBINE_HIDPI_IMAGES = YES;
				FRAMEWORK_SEARCH_PATHS = (
					"$(inherited)",
					"$(PROJECT_DIR)/Carthage/Build/Mac",
				);
				INFOPLIST_FILE = CastTests/Info.plist;
				LD_RUNPATH_SEARCH_PATHS = "$(inherited) @executable_path/../Frameworks @loader_path/../Frameworks";
				PRODUCT_BUNDLE_IDENTIFIER = com.lfaoro.CastTests;
				PRODUCT_NAME = "$(TARGET_NAME)";
				TEST_HOST = "$(BUILT_PRODUCTS_DIR)/Cast.app/Contents/MacOS/Cast";
			};
			name = Debug;
		};
		A19D4F8D1B77957F00BEB08B /* Release */ = {
			isa = XCBuildConfiguration;
			buildSettings = {
				BUNDLE_LOADER = "$(TEST_HOST)";
				COMBINE_HIDPI_IMAGES = YES;
				FRAMEWORK_SEARCH_PATHS = (
					"$(inherited)",
					"$(PROJECT_DIR)/Carthage/Build/Mac",
				);
				INFOPLIST_FILE = CastTests/Info.plist;
				LD_RUNPATH_SEARCH_PATHS = "$(inherited) @executable_path/../Frameworks @loader_path/../Frameworks";
				PRODUCT_BUNDLE_IDENTIFIER = com.lfaoro.CastTests;
				PRODUCT_NAME = "$(TARGET_NAME)";
				TEST_HOST = "$(BUILT_PRODUCTS_DIR)/Cast.app/Contents/MacOS/Cast";
			};
			name = Release;
		};
/* End XCBuildConfiguration section */

/* Begin XCConfigurationList section */
		A13145DB1B5AA34E00AA4406 /* Build configuration list for PBXProject "Cast" */ = {
			isa = XCConfigurationList;
			buildConfigurations = (
				A13145ED1B5AA34E00AA4406 /* Debug */,
				A13145EE1B5AA34E00AA4406 /* Release */,
			);
			defaultConfigurationIsVisible = 0;
			defaultConfigurationName = Release;
		};
		A13145EF1B5AA34E00AA4406 /* Build configuration list for PBXNativeTarget "Cast" */ = {
			isa = XCConfigurationList;
			buildConfigurations = (
				A13145F01B5AA34E00AA4406 /* Debug */,
				A13145F11B5AA34E00AA4406 /* Release */,
			);
			defaultConfigurationIsVisible = 0;
			defaultConfigurationName = Release;
		};
		A19D4F8B1B77957F00BEB08B /* Build configuration list for PBXNativeTarget "CastTests" */ = {
			isa = XCConfigurationList;
			buildConfigurations = (
				A19D4F8C1B77957F00BEB08B /* Debug */,
				A19D4F8D1B77957F00BEB08B /* Release */,
			);
			defaultConfigurationIsVisible = 0;
			defaultConfigurationName = Release;
		};
/* End XCConfigurationList section */
	};
	rootObject = A13145D81B5AA34E00AA4406 /* Project object */;
}
